
Microsoft Visual Studio Solution File, Format Version 12.00
# Visual Studio Version 16
VisualStudioVersion = 16.0.30330.147
MinimumVisualStudioVersion = 10.0.40219.1
Project("{FAE04EC0-301F-11D3-BF4B-00C04F79EFBC}") = "Uppgift1.web", "Uppgift1.web.csproj", "{6DBAEEED-43BE-4F23-9B34-A6FFC0513DD2}"
EndProject
Project("{FAE04EC0-301F-11D3-BF4B-00C04F79EFBC}") = "Uppgift1.Core", "..\Uppgift1.Core\Uppgift1.Core.csproj", "{77F58C3A-5A7A-4008-B336-D01F0D0059B4}"
EndProject
Global
	GlobalSection(SolutionConfigurationPlatforms) = preSolution
		Debug|Any CPU = Debug|Any CPU
		Release|Any CPU = Release|Any CPU
	EndGlobalSection
	GlobalSection(ProjectConfigurationPlatforms) = postSolution
		{6DBAEEED-43BE-4F23-9B34-A6FFC0513DD2}.Debug|Any CPU.ActiveCfg = Debug|Any CPU
		{6DBAEEED-43BE-4F23-9B34-A6FFC0513DD2}.Debug|Any CPU.Build.0 = Debug|Any CPU
		{6DBAEEED-43BE-4F23-9B34-A6FFC0513DD2}.Release|Any CPU.ActiveCfg = Release|Any CPU
		{6DBAEEED-43BE-4F23-9B34-A6FFC0513DD2}.Release|Any CPU.Build.0 = Release|Any CPU
		{77F58C3A-5A7A-4008-B336-D01F0D0059B4}.Debug|Any CPU.ActiveCfg = Debug|Any CPU
		{77F58C3A-5A7A-4008-B336-D01F0D0059B4}.Debug|Any CPU.Build.0 = Debug|Any CPU
		{77F58C3A-5A7A-4008-B336-D01F0D0059B4}.Release|Any CPU.ActiveCfg = Release|Any CPU
		{77F58C3A-5A7A-4008-B336-D01F0D0059B4}.Release|Any CPU.Build.0 = Release|Any CPU
	EndGlobalSection
	GlobalSection(SolutionProperties) = preSolution
		HideSolutionNode = FALSE
	EndGlobalSection
	GlobalSection(ExtensibilityGlobals) = postSolution
		SolutionGuid = {A1FE2724-4E50-4C93-8D83-2D891D803423}
	EndGlobalSection
EndGlobal
